
Microsoft Visual Studio Solution File, Format Version 12.00
# Visual Studio Version 17
VisualStudioVersion = 17.7.34202.233
MinimumVisualStudioVersion = 10.0.40219.1
Project("{FAE04EC0-301F-11D3-BF4B-00C04F79EFBC}") = "GUI", "GUI\GUI.csproj", "{3289113F-F374-49A5-B655-65AF82D9B9F1}"
EndProject
Project("{FAE04EC0-301F-11D3-BF4B-00C04F79EFBC}") = "Component", "Component\Component.csproj", "{A18B46A2-AE7C-4317-BF95-B8C1488645DC}"
EndProject
Project("{FAE04EC0-301F-11D3-BF4B-00C04F79EFBC}") = "DTO", "DTO\DTO.csproj", "{D969FB96-06F0-4AF0-BA6F-1DA645BFBCD1}"
EndProject
Project("{FAE04EC0-301F-11D3-BF4B-00C04F79EFBC}") = "DAL", "DAL\DAL.csproj", "{CA6A350C-2CAB-4892-B911-207C4D3B38FF}"
EndProject
Project("{FAE04EC0-301F-11D3-BF4B-00C04F79EFBC}") = "BLL", "BLL\BLL.csproj", "{07463B72-9861-4F4B-8347-1DE45D3ABEEE}"
EndProject
Global
	GlobalSection(SolutionConfigurationPlatforms) = preSolution
		Debug|Any CPU = Debug|Any CPU
		Release|Any CPU = Release|Any CPU
	EndGlobalSection
	GlobalSection(ProjectConfigurationPlatforms) = postSolution
		{3289113F-F374-49A5-B655-65AF82D9B9F1}.Debug|Any CPU.ActiveCfg = Debug|Any CPU
		{3289113F-F374-49A5-B655-65AF82D9B9F1}.Debug|Any CPU.Build.0 = Debug|Any CPU
		{3289113F-F374-49A5-B655-65AF82D9B9F1}.Release|Any CPU.ActiveCfg = Release|Any CPU
		{3289113F-F374-49A5-B655-65AF82D9B9F1}.Release|Any CPU.Build.0 = Release|Any CPU
		{A18B46A2-AE7C-4317-BF95-B8C1488645DC}.Debug|Any CPU.ActiveCfg = Debug|Any CPU
		{A18B46A2-AE7C-4317-BF95-B8C1488645DC}.Debug|Any CPU.Build.0 = Debug|Any CPU
		{A18B46A2-AE7C-4317-BF95-B8C1488645DC}.Release|Any CPU.ActiveCfg = Release|Any CPU
		{A18B46A2-AE7C-4317-BF95-B8C1488645DC}.Release|Any CPU.Build.0 = Release|Any CPU
		{D969FB96-06F0-4AF0-BA6F-1DA645BFBCD1}.Debug|Any CPU.ActiveCfg = Debug|Any CPU
		{D969FB96-06F0-4AF0-BA6F-1DA645BFBCD1}.Debug|Any CPU.Build.0 = Debug|Any CPU
		{D969FB96-06F0-4AF0-BA6F-1DA645BFBCD1}.Release|Any CPU.ActiveCfg = Release|Any CPU
		{D969FB96-06F0-4AF0-BA6F-1DA645BFBCD1}.Release|Any CPU.Build.0 = Release|Any CPU
		{CA6A350C-2CAB-4892-B911-207C4D3B38FF}.Debug|Any CPU.ActiveCfg = Debug|Any CPU
		{CA6A350C-2CAB-4892-B911-207C4D3B38FF}.Debug|Any CPU.Build.0 = Debug|Any CPU
		{CA6A350C-2CAB-4892-B911-207C4D3B38FF}.Release|Any CPU.ActiveCfg = Release|Any CPU
		{CA6A350C-2CAB-4892-B911-207C4D3B38FF}.Release|Any CPU.Build.0 = Release|Any CPU
		{07463B72-9861-4F4B-8347-1DE45D3ABEEE}.Debug|Any CPU.ActiveCfg = Debug|Any CPU
		{07463B72-9861-4F4B-8347-1DE45D3ABEEE}.Debug|Any CPU.Build.0 = Debug|Any CPU
		{07463B72-9861-4F4B-8347-1DE45D3ABEEE}.Release|Any CPU.ActiveCfg = Release|Any CPU
		{07463B72-9861-4F4B-8347-1DE45D3ABEEE}.Release|Any CPU.Build.0 = Release|Any CPU
	EndGlobalSection
	GlobalSection(SolutionProperties) = preSolution
		HideSolutionNode = FALSE
	EndGlobalSection
	GlobalSection(ExtensibilityGlobals) = postSolution
		SolutionGuid = {252DD5A4-5388-449E-9AD0-7A40A28984CF}
	EndGlobalSection
EndGlobal
